// !$*UTF8*$!
{
	archiveVersion = 1;
	classes = {
	};
	objectVersion = 56;
	objects = {

/* Begin PBXBuildFile section */
		6B5874F82A963E2600DB62BF /* HeaderModel.swift in Sources */ = {isa = PBXBuildFile; fileRef = 6B5874F72A963E2600DB62BF /* HeaderModel.swift */; };
		6B5874FA2A963ED000DB62BF /* HeaderData.swift in Sources */ = {isa = PBXBuildFile; fileRef = 6B5874F92A963ED000DB62BF /* HeaderData.swift */; };
		6B5874FC2A964DBB00DB62BF /* DishesView.swift in Sources */ = {isa = PBXBuildFile; fileRef = 6B5874FB2A964DBB00DB62BF /* DishesView.swift */; };
		6B5874FE2A9678CA00DB62BF /* FactsView.swift in Sources */ = {isa = PBXBuildFile; fileRef = 6B5874FD2A9678CA00DB62BF /* FactsView.swift */; };
		6B5875002A96817B00DB62BF /* FactModel.swift in Sources */ = {isa = PBXBuildFile; fileRef = 6B5874FF2A96817B00DB62BF /* FactModel.swift */; };
		6B5875022A96823600DB62BF /* FactData.swift in Sources */ = {isa = PBXBuildFile; fileRef = 6B5875012A96823600DB62BF /* FactData.swift */; };
		6B5875042A968B0300DB62BF /* RecipeModel.swift in Sources */ = {isa = PBXBuildFile; fileRef = 6B5875032A968B0300DB62BF /* RecipeModel.swift */; };
		6B5875062A968C0100DB62BF /* RecipeData.swift in Sources */ = {isa = PBXBuildFile; fileRef = 6B5875052A968C0100DB62BF /* RecipeData.swift */; };
		6B5875082A968D8600DB62BF /* RecipeCardView.swift in Sources */ = {isa = PBXBuildFile; fileRef = 6B5875072A968D8600DB62BF /* RecipeCardView.swift */; };
		6B6AD4E22A8F93FA00D92B3C /* AvocadosApp.swift in Sources */ = {isa = PBXBuildFile; fileRef = 6B6AD4E12A8F93FA00D92B3C /* AvocadosApp.swift */; };
		6B6AD4E62A8F93FB00D92B3C /* Assets.xcassets in Resources */ = {isa = PBXBuildFile; fileRef = 6B6AD4E52A8F93FB00D92B3C /* Assets.xcassets */; };
		6B6AD4E92A8F93FB00D92B3C /* Preview Assets.xcassets in Resources */ = {isa = PBXBuildFile; fileRef = 6B6AD4E82A8F93FB00D92B3C /* Preview Assets.xcassets */; };
		6B6AD4F02A8FB88B00D92B3C /* LaunchScreen.storyboard in Resources */ = {isa = PBXBuildFile; fileRef = 6B6AD4EF2A8FB88B00D92B3C /* LaunchScreen.storyboard */; };
		6B6AD4F52A8FC3C000D92B3C /* ContentView.swift in Sources */ = {isa = PBXBuildFile; fileRef = 6B6AD4E32A8F93FA00D92B3C /* ContentView.swift */; };
		6B6AD4F72A8FC41C00D92B3C /* AvocadosView.swift in Sources */ = {isa = PBXBuildFile; fileRef = 6B6AD4F62A8FC41C00D92B3C /* AvocadosView.swift */; };
		6B6AD4F92A8FC45900D92B3C /* RipeningStagesView.swift in Sources */ = {isa = PBXBuildFile; fileRef = 6B6AD4F82A8FC45900D92B3C /* RipeningStagesView.swift */; };
		6B6AD4FB2A8FC49000D92B3C /* SettingsView.swift in Sources */ = {isa = PBXBuildFile; fileRef = 6B6AD4FA2A8FC48F00D92B3C /* SettingsView.swift */; };
		6B6AD4FD2A8FC50F00D92B3C /* AppView.swift in Sources */ = {isa = PBXBuildFile; fileRef = 6B6AD4FC2A8FC50F00D92B3C /* AppView.swift */; };
		6B97D3D92AADF71A0045472F /* RipeningView.swift in Sources */ = {isa = PBXBuildFile; fileRef = 6B97D3D82AADF71A0045472F /* RipeningView.swift */; };
		6BA6A1BE2AAA570B00355FAC /* RecipeRatingView.swift in Sources */ = {isa = PBXBuildFile; fileRef = 6BA6A1BD2AAA570B00355FAC /* RecipeRatingView.swift */; };
		6BA6A1C02AAA599100355FAC /* RecipeCookingView.swift in Sources */ = {isa = PBXBuildFile; fileRef = 6BA6A1BF2AAA599100355FAC /* RecipeCookingView.swift */; };
		6BA6A1C22AAA5C6200355FAC /* RecipeDetailView.swift in Sources */ = {isa = PBXBuildFile; fileRef = 6BA6A1C12AAA5C6200355FAC /* RecipeDetailView.swift */; };
		6BE65D642A93F9B000359E96 /* HeaderView.swift in Sources */ = {isa = PBXBuildFile; fileRef = 6BE65D632A93F9B000359E96 /* HeaderView.swift */; };
/* End PBXBuildFile section */

/* Begin PBXFileReference section */
		6B5874F72A963E2600DB62BF /* HeaderModel.swift */ = {isa = PBXFileReference; lastKnownFileType = sourcecode.swift; path = HeaderModel.swift; sourceTree = "<group>"; };
		6B5874F92A963ED000DB62BF /* HeaderData.swift */ = {isa = PBXFileReference; lastKnownFileType = sourcecode.swift; path = HeaderData.swift; sourceTree = "<group>"; };
		6B5874FB2A964DBB00DB62BF /* DishesView.swift */ = {isa = PBXFileReference; lastKnownFileType = sourcecode.swift; path = DishesView.swift; sourceTree = "<group>"; };
		6B5874FD2A9678CA00DB62BF /* FactsView.swift */ = {isa = PBXFileReference; lastKnownFileType = sourcecode.swift; path = FactsView.swift; sourceTree = "<group>"; };
		6B5874FF2A96817B00DB62BF /* FactModel.swift */ = {isa = PBXFileReference; lastKnownFileType = sourcecode.swift; path = FactModel.swift; sourceTree = "<group>"; };
		6B5875012A96823600DB62BF /* FactData.swift */ = {isa = PBXFileReference; lastKnownFileType = sourcecode.swift; path = FactData.swift; sourceTree = "<group>"; };
		6B5875032A968B0300DB62BF /* RecipeModel.swift */ = {isa = PBXFileReference; lastKnownFileType = sourcecode.swift; path = RecipeModel.swift; sourceTree = "<group>"; };
		6B5875052A968C0100DB62BF /* RecipeData.swift */ = {isa = PBXFileReference; lastKnownFileType = sourcecode.swift; path = RecipeData.swift; sourceTree = "<group>"; };
		6B5875072A968D8600DB62BF /* RecipeCardView.swift */ = {isa = PBXFileReference; lastKnownFileType = sourcecode.swift; path = RecipeCardView.swift; sourceTree = "<group>"; };
		6B6AD4DE2A8F93FA00D92B3C /* Avocados.app */ = {isa = PBXFileReference; explicitFileType = wrapper.application; includeInIndex = 0; path = Avocados.app; sourceTree = BUILT_PRODUCTS_DIR; };
		6B6AD4E12A8F93FA00D92B3C /* AvocadosApp.swift */ = {isa = PBXFileReference; lastKnownFileType = sourcecode.swift; path = AvocadosApp.swift; sourceTree = "<group>"; };
		6B6AD4E32A8F93FA00D92B3C /* ContentView.swift */ = {isa = PBXFileReference; lastKnownFileType = sourcecode.swift; path = ContentView.swift; sourceTree = "<group>"; };
		6B6AD4E52A8F93FB00D92B3C /* Assets.xcassets */ = {isa = PBXFileReference; lastKnownFileType = folder.assetcatalog; path = Assets.xcassets; sourceTree = "<group>"; };
		6B6AD4E82A8F93FB00D92B3C /* Preview Assets.xcassets */ = {isa = PBXFileReference; lastKnownFileType = folder.assetcatalog; path = "Preview Assets.xcassets"; sourceTree = "<group>"; };
		6B6AD4EF2A8FB88B00D92B3C /* LaunchScreen.storyboard */ = {isa = PBXFileReference; lastKnownFileType = file.storyboard; path = LaunchScreen.storyboard; sourceTree = "<group>"; };
		6B6AD4F62A8FC41C00D92B3C /* AvocadosView.swift */ = {isa = PBXFileReference; lastKnownFileType = sourcecode.swift; path = AvocadosView.swift; sourceTree = "<group>"; };
		6B6AD4F82A8FC45900D92B3C /* RipeningStagesView.swift */ = {isa = PBXFileReference; lastKnownFileType = sourcecode.swift; path = RipeningStagesView.swift; sourceTree = "<group>"; };
		6B6AD4FA2A8FC48F00D92B3C /* SettingsView.swift */ = {isa = PBXFileReference; lastKnownFileType = sourcecode.swift; path = SettingsView.swift; sourceTree = "<group>"; };
		6B6AD4FC2A8FC50F00D92B3C /* AppView.swift */ = {isa = PBXFileReference; lastKnownFileType = sourcecode.swift; path = AppView.swift; sourceTree = "<group>"; };
		6B6AD4FE2A8FC69C00D92B3C /* Info.plist */ = {isa = PBXFileReference; lastKnownFileType = text.plist; path = Info.plist; sourceTree = "<group>"; };
		6B97D3D82AADF71A0045472F /* RipeningView.swift */ = {isa = PBXFileReference; lastKnownFileType = sourcecode.swift; path = RipeningView.swift; sourceTree = "<group>"; };
		6BA6A1BD2AAA570B00355FAC /* RecipeRatingView.swift */ = {isa = PBXFileReference; lastKnownFileType = sourcecode.swift; path = RecipeRatingView.swift; sourceTree = "<group>"; };
		6BA6A1BF2AAA599100355FAC /* RecipeCookingView.swift */ = {isa = PBXFileReference; lastKnownFileType = sourcecode.swift; path = RecipeCookingView.swift; sourceTree = "<group>"; };
		6BA6A1C12AAA5C6200355FAC /* RecipeDetailView.swift */ = {isa = PBXFileReference; lastKnownFileType = sourcecode.swift; path = RecipeDetailView.swift; sourceTree = "<group>"; };
		6BE65D632A93F9B000359E96 /* HeaderView.swift */ = {isa = PBXFileReference; lastKnownFileType = sourcecode.swift; path = HeaderView.swift; sourceTree = "<group>"; };
/* End PBXFileReference section */

/* Begin PBXFrameworksBuildPhase section */
		6B6AD4DB2A8F93FA00D92B3C /* Frameworks */ = {
			isa = PBXFrameworksBuildPhase;
			buildActionMask = 2147483647;
			files = (
			);
			runOnlyForDeploymentPostprocessing = 0;
		};
/* End PBXFrameworksBuildPhase section */

/* Begin PBXGroup section */
		6B6AD4D52A8F93FA00D92B3C = {
			isa = PBXGroup;
			children = (
				6B6AD4E02A8F93FA00D92B3C /* Avocados */,
				6B6AD4DF2A8F93FA00D92B3C /* Products */,
			);
			sourceTree = "<group>";
		};
		6B6AD4DF2A8F93FA00D92B3C /* Products */ = {
			isa = PBXGroup;
			children = (
				6B6AD4DE2A8F93FA00D92B3C /* Avocados.app */,
			);
			name = Products;
			sourceTree = "<group>";
		};
		6B6AD4E02A8F93FA00D92B3C /* Avocados */ = {
			isa = PBXGroup;
			children = (
				6B6AD4FE2A8FC69C00D92B3C /* Info.plist */,
				6B6AD4F32A8FC36100D92B3C /* View */,
				6B6AD4F22A8FC35600D92B3C /* Model */,
				6B6AD4F12A8FC33900D92B3C /* Data */,
				6B6AD4E12A8F93FA00D92B3C /* AvocadosApp.swift */,
				6B6AD4EF2A8FB88B00D92B3C /* LaunchScreen.storyboard */,
				6B6AD4E52A8F93FB00D92B3C /* Assets.xcassets */,
				6B6AD4E72A8F93FB00D92B3C /* Preview Content */,
			);
			path = Avocados;
			sourceTree = "<group>";
		};
		6B6AD4E72A8F93FB00D92B3C /* Preview Content */ = {
			isa = PBXGroup;
			children = (
				6B6AD4E82A8F93FB00D92B3C /* Preview Assets.xcassets */,
			);
			path = "Preview Content";
			sourceTree = "<group>";
		};
		6B6AD4F12A8FC33900D92B3C /* Data */ = {
			isa = PBXGroup;
			children = (
				6B5874F92A963ED000DB62BF /* HeaderData.swift */,
				6B5875012A96823600DB62BF /* FactData.swift */,
				6B5875052A968C0100DB62BF /* RecipeData.swift */,
			);
			path = Data;
			sourceTree = "<group>";
		};
		6B6AD4F22A8FC35600D92B3C /* Model */ = {
			isa = PBXGroup;
			children = (
				6B5874F72A963E2600DB62BF /* HeaderModel.swift */,
				6B5874FF2A96817B00DB62BF /* FactModel.swift */,
				6B5875032A968B0300DB62BF /* RecipeModel.swift */,
			);
			path = Model;
			sourceTree = "<group>";
		};
		6B6AD4F32A8FC36100D92B3C /* View */ = {
			isa = PBXGroup;
			children = (
				6B6AD4E32A8F93FA00D92B3C /* ContentView.swift */,
				6BE65D632A93F9B000359E96 /* HeaderView.swift */,
				6B6AD4F62A8FC41C00D92B3C /* AvocadosView.swift */,
				6B6AD4F82A8FC45900D92B3C /* RipeningStagesView.swift */,
				6B6AD4FA2A8FC48F00D92B3C /* SettingsView.swift */,
				6B6AD4FC2A8FC50F00D92B3C /* AppView.swift */,
				6B5874FB2A964DBB00DB62BF /* DishesView.swift */,
				6B5874FD2A9678CA00DB62BF /* FactsView.swift */,
				6B5875072A968D8600DB62BF /* RecipeCardView.swift */,
				6BA6A1BD2AAA570B00355FAC /* RecipeRatingView.swift */,
				6BA6A1BF2AAA599100355FAC /* RecipeCookingView.swift */,
				6BA6A1C12AAA5C6200355FAC /* RecipeDetailView.swift */,
				6B97D3D82AADF71A0045472F /* RipeningView.swift */,
			);
			path = View;
			sourceTree = "<group>";
		};
/* End PBXGroup section */

/* Begin PBXNativeTarget section */
		6B6AD4DD2A8F93FA00D92B3C /* Avocados */ = {
			isa = PBXNativeTarget;
			buildConfigurationList = 6B6AD4EC2A8F93FB00D92B3C /* Build configuration list for PBXNativeTarget "Avocados" */;
			buildPhases = (
				6B6AD4DA2A8F93FA00D92B3C /* Sources */,
				6B6AD4DB2A8F93FA00D92B3C /* Frameworks */,
				6B6AD4DC2A8F93FA00D92B3C /* Resources */,
			);
			buildRules = (
			);
			dependencies = (
			);
			name = Avocados;
			productName = Avocados;
			productReference = 6B6AD4DE2A8F93FA00D92B3C /* Avocados.app */;
			productType = "com.apple.product-type.application";
		};
/* End PBXNativeTarget section */

/* Begin PBXProject section */
		6B6AD4D62A8F93FA00D92B3C /* Project object */ = {
			isa = PBXProject;
			attributes = {
				BuildIndependentTargetsInParallel = 1;
				LastSwiftUpdateCheck = 1430;
				LastUpgradeCheck = 1430;
				TargetAttributes = {
					6B6AD4DD2A8F93FA00D92B3C = {
						CreatedOnToolsVersion = 14.3.1;
					};
				};
			};
			buildConfigurationList = 6B6AD4D92A8F93FA00D92B3C /* Build configuration list for PBXProject "Avocados" */;
			compatibilityVersion = "Xcode 14.0";
			developmentRegion = en;
			hasScannedForEncodings = 0;
			knownRegions = (
				en,
				Base,
			);
			mainGroup = 6B6AD4D52A8F93FA00D92B3C;
			productRefGroup = 6B6AD4DF2A8F93FA00D92B3C /* Products */;
			projectDirPath = "";
			projectRoot = "";
			targets = (
				6B6AD4DD2A8F93FA00D92B3C /* Avocados */,
			);
		};
/* End PBXProject section */

/* Begin PBXResourcesBuildPhase section */
		6B6AD4DC2A8F93FA00D92B3C /* Resources */ = {
			isa = PBXResourcesBuildPhase;
			buildActionMask = 2147483647;
			files = (
				6B6AD4F02A8FB88B00D92B3C /* LaunchScreen.storyboard in Resources */,
				6B6AD4E92A8F93FB00D92B3C /* Preview Assets.xcassets in Resources */,
				6B6AD4E62A8F93FB00D92B3C /* Assets.xcassets in Resources */,
			);
			runOnlyForDeploymentPostprocessing = 0;
		};
/* End PBXResourcesBuildPhase section */

/* Begin PBXSourcesBuildPhase section */
		6B6AD4DA2A8F93FA00D92B3C /* Sources */ = {
			isa = PBXSourcesBuildPhase;
			buildActionMask = 2147483647;
			files = (
				6B6AD4FB2A8FC49000D92B3C /* SettingsView.swift in Sources */,
				6BA6A1BE2AAA570B00355FAC /* RecipeRatingView.swift in Sources */,
				6B6AD4F52A8FC3C000D92B3C /* ContentView.swift in Sources */,
				6B6AD4FD2A8FC50F00D92B3C /* AppView.swift in Sources */,
				6B6AD4F92A8FC45900D92B3C /* RipeningStagesView.swift in Sources */,
				6B6AD4E22A8F93FA00D92B3C /* AvocadosApp.swift in Sources */,
				6B6AD4F72A8FC41C00D92B3C /* AvocadosView.swift in Sources */,
				6B5874F82A963E2600DB62BF /* HeaderModel.swift in Sources */,
				6B5875042A968B0300DB62BF /* RecipeModel.swift in Sources */,
				6B5874FA2A963ED000DB62BF /* HeaderData.swift in Sources */,
				6B5874FC2A964DBB00DB62BF /* DishesView.swift in Sources */,
				6BA6A1C02AAA599100355FAC /* RecipeCookingView.swift in Sources */,
				6B97D3D92AADF71A0045472F /* RipeningView.swift in Sources */,
				6B5875002A96817B00DB62BF /* FactModel.swift in Sources */,
				6B5874FE2A9678CA00DB62BF /* FactsView.swift in Sources */,
				6B5875082A968D8600DB62BF /* RecipeCardView.swift in Sources */,
				6B5875062A968C0100DB62BF /* RecipeData.swift in Sources */,
				6BE65D642A93F9B000359E96 /* HeaderView.swift in Sources */,
				6BA6A1C22AAA5C6200355FAC /* RecipeDetailView.swift in Sources */,
				6B5875022A96823600DB62BF /* FactData.swift in Sources */,
			);
			runOnlyForDeploymentPostprocessing = 0;
		};
/* End PBXSourcesBuildPhase section */

/* Begin XCBuildConfiguration section */
		6B6AD4EA2A8F93FB00D92B3C /* Debug */ = {
			isa = XCBuildConfiguration;
			buildSettings = {
				ALWAYS_SEARCH_USER_PATHS = NO;
				CLANG_ANALYZER_NONNULL = YES;
				CLANG_ANALYZER_NUMBER_OBJECT_CONVERSION = YES_AGGRESSIVE;
				CLANG_CXX_LANGUAGE_STANDARD = "gnu++20";
				CLANG_ENABLE_MODULES = YES;
				CLANG_ENABLE_OBJC_ARC = YES;
				CLANG_ENABLE_OBJC_WEAK = YES;
				CLANG_WARN_BLOCK_CAPTURE_AUTORELEASING = YES;
				CLANG_WARN_BOOL_CONVERSION = YES;
				CLANG_WARN_COMMA = YES;
				CLANG_WARN_CONSTANT_CONVERSION = YES;
				CLANG_WARN_DEPRECATED_OBJC_IMPLEMENTATIONS = YES;
				CLANG_WARN_DIRECT_OBJC_ISA_USAGE = YES_ERROR;
				CLANG_WARN_DOCUMENTATION_COMMENTS = YES;
				CLANG_WARN_EMPTY_BODY = YES;
				CLANG_WARN_ENUM_CONVERSION = YES;
				CLANG_WARN_INFINITE_RECURSION = YES;
				CLANG_WARN_INT_CONVERSION = YES;
				CLANG_WARN_NON_LITERAL_NULL_CONVERSION = YES;
				CLANG_WARN_OBJC_IMPLICIT_RETAIN_SELF = YES;
				CLANG_WARN_OBJC_LITERAL_CONVERSION = YES;
				CLANG_WARN_OBJC_ROOT_CLASS = YES_ERROR;
				CLANG_WARN_QUOTED_INCLUDE_IN_FRAMEWORK_HEADER = YES;
				CLANG_WARN_RANGE_LOOP_ANALYSIS = YES;
				CLANG_WARN_STRICT_PROTOTYPES = YES;
				CLANG_WARN_SUSPICIOUS_MOVE = YES;
				CLANG_WARN_UNGUARDED_AVAILABILITY = YES_AGGRESSIVE;
				CLANG_WARN_UNREACHABLE_CODE = YES;
				CLANG_WARN__DUPLICATE_METHOD_MATCH = YES;
				COPY_PHASE_STRIP = NO;
				DEBUG_INFORMATION_FORMAT = dwarf;
				ENABLE_STRICT_OBJC_MSGSEND = YES;
				ENABLE_TESTABILITY = YES;
				GCC_C_LANGUAGE_STANDARD = gnu11;
				GCC_DYNAMIC_NO_PIC = NO;
				GCC_NO_COMMON_BLOCKS = YES;
				GCC_OPTIMIZATION_LEVEL = 0;
				GCC_PREPROCESSOR_DEFINITIONS = (
					"DEBUG=1",
					"$(inherited)",
				);
				GCC_WARN_64_TO_32_BIT_CONVERSION = YES;
				GCC_WARN_ABOUT_RETURN_TYPE = YES_ERROR;
				GCC_WARN_UNDECLARED_SELECTOR = YES;
				GCC_WARN_UNINITIALIZED_AUTOS = YES_AGGRESSIVE;
				GCC_WARN_UNUSED_FUNCTION = YES;
				GCC_WARN_UNUSED_VARIABLE = YES;
				IPHONEOS_DEPLOYMENT_TARGET = 16.4;
				MTL_ENABLE_DEBUG_INFO = INCLUDE_SOURCE;
				MTL_FAST_MATH = YES;
				ONLY_ACTIVE_ARCH = YES;
				SDKROOT = iphoneos;
				SWIFT_ACTIVE_COMPILATION_CONDITIONS = DEBUG;
				SWIFT_OPTIMIZATION_LEVEL = "-Onone";
			};
			name = Debug;
		};
		6B6AD4EB2A8F93FB00D92B3C /* Release */ = {
			isa = XCBuildConfiguration;
			buildSettings = {
				ALWAYS_SEARCH_USER_PATHS = NO;
				CLANG_ANALYZER_NONNULL = YES;
				CLANG_ANALYZER_NUMBER_OBJECT_CONVERSION = YES_AGGRESSIVE;
				CLANG_CXX_LANGUAGE_STANDARD = "gnu++20";
				CLANG_ENABLE_MODULES = YES;
				CLANG_ENABLE_OBJC_ARC = YES;
				CLANG_ENABLE_OBJC_WEAK = YES;
				CLANG_WARN_BLOCK_CAPTURE_AUTORELEASING = YES;
				CLANG_WARN_BOOL_CONVERSION = YES;
				CLANG_WARN_COMMA = YES;
				CLANG_WARN_CONSTANT_CONVERSION = YES;
				CLANG_WARN_DEPRECATED_OBJC_IMPLEMENTATIONS = YES;
				CLANG_WARN_DIRECT_OBJC_ISA_USAGE = YES_ERROR;
				CLANG_WARN_DOCUMENTATION_COMMENTS = YES;
				CLANG_WARN_EMPTY_BODY = YES;
				CLANG_WARN_ENUM_CONVERSION = YES;
				CLANG_WARN_INFINITE_RECURSION = YES;
				CLANG_WARN_INT_CONVERSION = YES;
				CLANG_WARN_NON_LITERAL_NULL_CONVERSION = YES;
				CLANG_WARN_OBJC_IMPLICIT_RETAIN_SELF = YES;
				CLANG_WARN_OBJC_LITERAL_CONVERSION = YES;
				CLANG_WARN_OBJC_ROOT_CLASS = YES_ERROR;
				CLANG_WARN_QUOTED_INCLUDE_IN_FRAMEWORK_HEADER = YES;
				CLANG_WARN_RANGE_LOOP_ANALYSIS = YES;
				CLANG_WARN_STRICT_PROTOTYPES = YES;
				CLANG_WARN_SUSPICIOUS_MOVE = YES;
				CLANG_WARN_UNGUARDED_AVAILABILITY = YES_AGGRESSIVE;
				CLANG_WARN_UNREACHABLE_CODE = YES;
				CLANG_WARN__DUPLICATE_METHOD_MATCH = YES;
				COPY_PHASE_STRIP = NO;
				DEBUG_INFORMATION_FORMAT = "dwarf-with-dsym";
				ENABLE_NS_ASSERTIONS = NO;
				ENABLE_STRICT_OBJC_MSGSEND = YES;
				GCC_C_LANGUAGE_STANDARD = gnu11;
				GCC_NO_COMMON_BLOCKS = YES;
				GCC_WARN_64_TO_32_BIT_CONVERSION = YES;
				GCC_WARN_ABOUT_RETURN_TYPE = YES_ERROR;
				GCC_WARN_UNDECLARED_SELECTOR = YES;
				GCC_WARN_UNINITIALIZED_AUTOS = YES_AGGRESSIVE;
				GCC_WARN_UNUSED_FUNCTION = YES;
				GCC_WARN_UNUSED_VARIABLE = YES;
				IPHONEOS_DEPLOYMENT_TARGET = 16.4;
				MTL_ENABLE_DEBUG_INFO = NO;
				MTL_FAST_MATH = YES;
				SDKROOT = iphoneos;
				SWIFT_COMPILATION_MODE = wholemodule;
				SWIFT_OPTIMIZATION_LEVEL = "-O";
				VALIDATE_PRODUCT = YES;
			};
			name = Release;
		};
		6B6AD4ED2A8F93FB00D92B3C /* Debug */ = {
			isa = XCBuildConfiguration;
			buildSettings = {
				ASSETCATALOG_COMPILER_APPICON_NAME = AppIcon;
				ASSETCATALOG_COMPILER_GLOBAL_ACCENT_COLOR_NAME = AccentColor;
				CODE_SIGN_STYLE = Automatic;
				CURRENT_PROJECT_VERSION = 1;
				DEVELOPMENT_ASSET_PATHS = "\"Avocados/Preview Content\"";
				DEVELOPMENT_TEAM = UXC7U9N9AB;
				ENABLE_PREVIEWS = YES;
				GENERATE_INFOPLIST_FILE = YES;
				INFOPLIST_FILE = Avocados/Info.plist;
				INFOPLIST_KEY_CFBundleDisplayName = "";
				INFOPLIST_KEY_LSApplicationCategoryType = "";
				INFOPLIST_KEY_NSHumanReadableCopyright = "";
				INFOPLIST_KEY_UIApplicationSceneManifest_Generation = YES;
				INFOPLIST_KEY_UIApplicationSupportsIndirectInputEvents = YES;
				INFOPLIST_KEY_UILaunchScreen_Generation = YES;
				INFOPLIST_KEY_UILaunchStoryboardName = LaunchScreen.storyboard;
				INFOPLIST_KEY_UISupportedInterfaceOrientations = UIInterfaceOrientationPortrait;
				INFOPLIST_KEY_UISupportedInterfaceOrientations_iPad = "UIInterfaceOrientationPortrait UIInterfaceOrientationPortraitUpsideDown";
				LD_RUNPATH_SEARCH_PATHS = (
					"$(inherited)",
					"@executable_path/Frameworks",
				);
				MARKETING_VERSION = 1.0;
				PRODUCT_BUNDLE_IDENTIFIER = comsajakkrystynatouchdown.Avocados;
				PRODUCT_NAME = "$(TARGET_NAME)";
				SWIFT_EMIT_LOC_STRINGS = YES;
				SWIFT_VERSION = 5.0;
				TARGETED_DEVICE_FAMILY = "1,2";
			};
			name = Debug;
		};
		6B6AD4EE2A8F93FB00D92B3C /* Release */ = {
			isa = XCBuildConfiguration;
			buildSettings = {
				ASSETCATALOG_COMPILER_APPICON_NAME = AppIcon;
				ASSETCATALOG_COMPILER_GLOBAL_ACCENT_COLOR_NAME = AccentColor;
				CODE_SIGN_STYLE = Automatic;
				CURRENT_PROJECT_VERSION = 1;
				DEVELOPMENT_ASSET_PATHS = "\"Avocados/Preview Content\"";
				DEVELOPMENT_TEAM = UXC7U9N9AB;
				ENABLE_PREVIEWS = YES;
				GENERATE_INFOPLIST_FILE = YES;
				INFOPLIST_FILE = Avocados/Info.plist;
				INFOPLIST_KEY_CFBundleDisplayName = "";
				INFOPLIST_KEY_LSApplicationCategoryType = "";
				INFOPLIST_KEY_NSHumanReadableCopyright = "";
				INFOPLIST_KEY_UIApplicationSceneManifest_Generation = YES;
				INFOPLIST_KEY_UIApplicationSupportsIndirectInputEvents = YES;
				INFOPLIST_KEY_UILaunchScreen_Generation = YES;
				INFOPLIST_KEY_UILaunchStoryboardName = LaunchScreen.storyboard;
				INFOPLIST_KEY_UISupportedInterfaceOrientations = UIInterfaceOrientationPortrait;
				INFOPLIST_KEY_UISupportedInterfaceOrientations_iPad = "UIInterfaceOrientationPortrait UIInterfaceOrientationPortraitUpsideDown";
				LD_RUNPATH_SEARCH_PATHS = (
					"$(inherited)",
					"@executable_path/Frameworks",
				);
				MARKETING_VERSION = 1.0;
				PRODUCT_BUNDLE_IDENTIFIER = comsajakkrystynatouchdown.Avocados;
				PRODUCT_NAME = "$(TARGET_NAME)";
				SWIFT_EMIT_LOC_STRINGS = YES;
				SWIFT_VERSION = 5.0;
				TARGETED_DEVICE_FAMILY = "1,2";
			};
			name = Release;
		};
/* End XCBuildConfiguration section */

/* Begin XCConfigurationList section */
		6B6AD4D92A8F93FA00D92B3C /* Build configuration list for PBXProject "Avocados" */ = {
			isa = XCConfigurationList;
			buildConfigurations = (
				6B6AD4EA2A8F93FB00D92B3C /* Debug */,
				6B6AD4EB2A8F93FB00D92B3C /* Release */,
			);
			defaultConfigurationIsVisible = 0;
			defaultConfigurationName = Release;
		};
		6B6AD4EC2A8F93FB00D92B3C /* Build configuration list for PBXNativeTarget "Avocados" */ = {
			isa = XCConfigurationList;
			buildConfigurations = (
				6B6AD4ED2A8F93FB00D92B3C /* Debug */,
				6B6AD4EE2A8F93FB00D92B3C /* Release */,
			);
			defaultConfigurationIsVisible = 0;
			defaultConfigurationName = Release;
		};
/* End XCConfigurationList section */
	};
	rootObject = 6B6AD4D62A8F93FA00D92B3C /* Project object */;
}
